// !$*UTF8*$!
{
	archiveVersion = 1;
	classes = {
	};
	objectVersion = 50;
	objects = {

/* Begin PBXBuildFile section */
		8A3C52CC256C2A6500B0CAAA /* AppDelegate.swift in Sources */ = {isa = PBXBuildFile; fileRef = 8A3C52CB256C2A6500B0CAAA /* AppDelegate.swift */; };
		8A3C52CE256C2A6500B0CAAA /* SceneDelegate.swift in Sources */ = {isa = PBXBuildFile; fileRef = 8A3C52CD256C2A6500B0CAAA /* SceneDelegate.swift */; };
		8A3C52D0256C2A6500B0CAAA /* ViewController.swift in Sources */ = {isa = PBXBuildFile; fileRef = 8A3C52CF256C2A6500B0CAAA /* ViewController.swift */; };
		8A3C52D3256C2A6500B0CAAA /* Main.storyboard in Resources */ = {isa = PBXBuildFile; fileRef = 8A3C52D1256C2A6500B0CAAA /* Main.storyboard */; };
		8A3C52D5256C2A6900B0CAAA /* Assets.xcassets in Resources */ = {isa = PBXBuildFile; fileRef = 8A3C52D4256C2A6900B0CAAA /* Assets.xcassets */; };
		8A3C52D8256C2A6900B0CAAA /* LaunchScreen.storyboard in Resources */ = {isa = PBXBuildFile; fileRef = 8A3C52D6256C2A6900B0CAAA /* LaunchScreen.storyboard */; };
		8A3C52E1256C30C400B0CAAA /* MenuItemsController.swift in Sources */ = {isa = PBXBuildFile; fileRef = 8A3C52E0256C30C400B0CAAA /* MenuItemsController.swift */; };
		8A3C52E4256C39E300B0CAAA /* NavigationController.swift in Sources */ = {isa = PBXBuildFile; fileRef = 8A3C52E3256C39E300B0CAAA /* NavigationController.swift */; };
/* End PBXBuildFile section */

/* Begin PBXFileReference section */
		8A3C52C8256C2A6500B0CAAA /* NavigationMenu.app */ = {isa = PBXFileReference; explicitFileType = wrapper.application; includeInIndex = 0; path = NavigationMenu.app; sourceTree = BUILT_PRODUCTS_DIR; };
		8A3C52CB256C2A6500B0CAAA /* AppDelegate.swift */ = {isa = PBXFileReference; lastKnownFileType = sourcecode.swift; path = AppDelegate.swift; sourceTree = "<group>"; };
		8A3C52CD256C2A6500B0CAAA /* SceneDelegate.swift */ = {isa = PBXFileReference; lastKnownFileType = sourcecode.swift; path = SceneDelegate.swift; sourceTree = "<group>"; };
		8A3C52CF256C2A6500B0CAAA /* ViewController.swift */ = {isa = PBXFileReference; lastKnownFileType = sourcecode.swift; path = ViewController.swift; sourceTree = "<group>"; };
		8A3C52D2256C2A6500B0CAAA /* Base */ = {isa = PBXFileReference; lastKnownFileType = file.storyboard; name = Base; path = Base.lproj/Main.storyboard; sourceTree = "<group>"; };
		8A3C52D4256C2A6900B0CAAA /* Assets.xcassets */ = {isa = PBXFileReference; lastKnownFileType = folder.assetcatalog; path = Assets.xcassets; sourceTree = "<group>"; };
		8A3C52D7256C2A6900B0CAAA /* Base */ = {isa = PBXFileReference; lastKnownFileType = file.storyboard; name = Base; path = Base.lproj/LaunchScreen.storyboard; sourceTree = "<group>"; };
		8A3C52D9256C2A6900B0CAAA /* Info.plist */ = {isa = PBXFileReference; lastKnownFileType = text.plist.xml; path = Info.plist; sourceTree = "<group>"; };
		8A3C52E0256C30C400B0CAAA /* MenuItemsController.swift */ = {isa = PBXFileReference; lastKnownFileType = sourcecode.swift; path = MenuItemsController.swift; sourceTree = "<group>"; };
		8A3C52E3256C39E300B0CAAA /* NavigationController.swift */ = {isa = PBXFileReference; lastKnownFileType = sourcecode.swift; path = NavigationController.swift; sourceTree = "<group>"; };
/* End PBXFileReference section */

/* Begin PBXFrameworksBuildPhase section */
		8A3C52C5256C2A6500B0CAAA /* Frameworks */ = {
			isa = PBXFrameworksBuildPhase;
			buildActionMask = 2147483647;
			files = (
			);
			runOnlyForDeploymentPostprocessing = 0;
		};
/* End PBXFrameworksBuildPhase section */

/* Begin PBXGroup section */
		8A3C52BF256C2A6500B0CAAA = {
			isa = PBXGroup;
			children = (
				8A3C52CA256C2A6500B0CAAA /* NavigationMenu */,
				8A3C52C9256C2A6500B0CAAA /* Products */,
			);
			sourceTree = "<group>";
		};
		8A3C52C9256C2A6500B0CAAA /* Products */ = {
			isa = PBXGroup;
			children = (
				8A3C52C8256C2A6500B0CAAA /* NavigationMenu.app */,
			);
			name = Products;
			sourceTree = "<group>";
		};
		8A3C52CA256C2A6500B0CAAA /* NavigationMenu */ = {
			isa = PBXGroup;
			children = (
				8A3C52CB256C2A6500B0CAAA /* AppDelegate.swift */,
				8A3C52CD256C2A6500B0CAAA /* SceneDelegate.swift */,
				8A3C52CF256C2A6500B0CAAA /* ViewController.swift */,
				8A3C52E3256C39E300B0CAAA /* NavigationController.swift */,
				8A3C52E0256C30C400B0CAAA /* MenuItemsController.swift */,
				8A3C52D1256C2A6500B0CAAA /* Main.storyboard */,
				8A3C52D4256C2A6900B0CAAA /* Assets.xcassets */,
				8A3C52D6256C2A6900B0CAAA /* LaunchScreen.storyboard */,
				8A3C52D9256C2A6900B0CAAA /* Info.plist */,
			);
			path = NavigationMenu;
			sourceTree = "<group>";
		};
/* End PBXGroup section */

/* Begin PBXNativeTarget section */
		8A3C52C7256C2A6500B0CAAA /* NavigationMenu */ = {
			isa = PBXNativeTarget;
			buildConfigurationList = 8A3C52DC256C2A6900B0CAAA /* Build configuration list for PBXNativeTarget "NavigationMenu" */;
			buildPhases = (
				8A3C52C4256C2A6500B0CAAA /* Sources */,
				8A3C52C5256C2A6500B0CAAA /* Frameworks */,
				8A3C52C6256C2A6500B0CAAA /* Resources */,
			);
			buildRules = (
			);
			dependencies = (
			);
			name = NavigationMenu;
			productName = NavigationMenu;
			productReference = 8A3C52C8256C2A6500B0CAAA /* NavigationMenu.app */;
			productType = "com.apple.product-type.application";
		};
/* End PBXNativeTarget section */

/* Begin PBXProject section */
		8A3C52C0256C2A6500B0CAAA /* Project object */ = {
			isa = PBXProject;
			attributes = {
				LastSwiftUpdateCheck = 1220;
				LastUpgradeCheck = 1220;
				TargetAttributes = {
					8A3C52C7256C2A6500B0CAAA = {
						CreatedOnToolsVersion = 12.2;
					};
				};
			};
			buildConfigurationList = 8A3C52C3256C2A6500B0CAAA /* Build configuration list for PBXProject "NavigationMenu" */;
			compatibilityVersion = "Xcode 9.3";
			developmentRegion = en;
			hasScannedForEncodings = 0;
			knownRegions = (
				en,
				Base,
			);
			mainGroup = 8A3C52BF256C2A6500B0CAAA;
			productRefGroup = 8A3C52C9256C2A6500B0CAAA /* Products */;
			projectDirPath = "";
			projectRoot = "";
			targets = (
				8A3C52C7256C2A6500B0CAAA /* NavigationMenu */,
			);
		};
/* End PBXProject section */

/* Begin PBXResourcesBuildPhase section */
		8A3C52C6256C2A6500B0CAAA /* Resources */ = {
			isa = PBXResourcesBuildPhase;
			buildActionMask = 2147483647;
			files = (
				8A3C52D8256C2A6900B0CAAA /* LaunchScreen.storyboard in Resources */,
				8A3C52D5256C2A6900B0CAAA /* Assets.xcassets in Resources */,
				8A3C52D3256C2A6500B0CAAA /* Main.storyboard in Resources */,
			);
			runOnlyForDeploymentPostprocessing = 0;
		};
/* End PBXResourcesBuildPhase section */

/* Begin PBXSourcesBuildPhase section */
		8A3C52C4256C2A6500B0CAAA /* Sources */ = {
			isa = PBXSourcesBuildPhase;
			buildActionMask = 2147483647;
			files = (
				8A3C52D0256C2A6500B0CAAA /* ViewController.swift in Sources */,
				8A3C52CC256C2A6500B0CAAA /* AppDelegate.swift in Sources */,
				8A3C52E4256C39E300B0CAAA /* NavigationController.swift in Sources */,
				8A3C52CE256C2A6500B0CAAA /* SceneDelegate.swift in Sources */,
				8A3C52E1256C30C400B0CAAA /* MenuItemsController.swift in Sources */,
			);
			runOnlyForDeploymentPostprocessing = 0;
		};
/* End PBXSourcesBuildPhase section */

/* Begin PBXVariantGroup section */
		8A3C52D1256C2A6500B0CAAA /* Main.storyboard */ = {
			isa = PBXVariantGroup;
			children = (
				8A3C52D2256C2A6500B0CAAA /* Base */,
			);
			name = Main.storyboard;
			sourceTree = "<group>";
		};
		8A3C52D6256C2A6900B0CAAA /* LaunchScreen.storyboard */ = {
			isa = PBXVariantGroup;
			children = (
				8A3C52D7256C2A6900B0CAAA /* Base */,
			);
			name = LaunchScreen.storyboard;
			sourceTree = "<group>";
		};
/* End PBXVariantGroup section */

/* Begin XCBuildConfiguration section */
		8A3C52DA256C2A6900B0CAAA /* Debug */ = {
			isa = XCBuildConfiguration;
			buildSettings = {
				ALWAYS_SEARCH_USER_PATHS = NO;
				CLANG_ANALYZER_NONNULL = YES;
				CLANG_ANALYZER_NUMBER_OBJECT_CONVERSION = YES_AGGRESSIVE;
				CLANG_CXX_LANGUAGE_STANDARD = "gnu++14";
				CLANG_CXX_LIBRARY = "libc++";
				CLANG_ENABLE_MODULES = YES;
				CLANG_ENABLE_OBJC_ARC = YES;
				CLANG_ENABLE_OBJC_WEAK = YES;
				CLANG_WARN_BLOCK_CAPTURE_AUTORELEASING = YES;
				CLANG_WARN_BOOL_CONVERSION = YES;
				CLANG_WARN_COMMA = YES;
				CLANG_WARN_CONSTANT_CONVERSION = YES;
				CLANG_WARN_DEPRECATED_OBJC_IMPLEMENTATIONS = YES;
				CLANG_WARN_DIRECT_OBJC_ISA_USAGE = YES_ERROR;
				CLANG_WARN_DOCUMENTATION_COMMENTS = YES;
				CLANG_WARN_EMPTY_BODY = YES;
				CLANG_WARN_ENUM_CONVERSION = YES;
				CLANG_WARN_INFINITE_RECURSION = YES;
				CLANG_WARN_INT_CONVERSION = YES;
				CLANG_WARN_NON_LITERAL_NULL_CONVERSION = YES;
				CLANG_WARN_OBJC_IMPLICIT_RETAIN_SELF = YES;
				CLANG_WARN_OBJC_LITERAL_CONVERSION = YES;
				CLANG_WARN_OBJC_ROOT_CLASS = YES_ERROR;
				CLANG_WARN_QUOTED_INCLUDE_IN_FRAMEWORK_HEADER = YES;
				CLANG_WARN_RANGE_LOOP_ANALYSIS = YES;
				CLANG_WARN_STRICT_PROTOTYPES = YES;
				CLANG_WARN_SUSPICIOUS_MOVE = YES;
				CLANG_WARN_UNGUARDED_AVAILABILITY = YES_AGGRESSIVE;
				CLANG_WARN_UNREACHABLE_CODE = YES;
				CLANG_WARN__DUPLICATE_METHOD_MATCH = YES;
				COPY_PHASE_STRIP = NO;
				DEBUG_INFORMATION_FORMAT = dwarf;
				ENABLE_STRICT_OBJC_MSGSEND = YES;
				ENABLE_TESTABILITY = YES;
				GCC_C_LANGUAGE_STANDARD = gnu11;
				GCC_DYNAMIC_NO_PIC = NO;
				GCC_NO_COMMON_BLOCKS = YES;
				GCC_OPTIMIZATION_LEVEL = 0;
				GCC_PREPROCESSOR_DEFINITIONS = (
					"DEBUG=1",
					"$(inherited)",
				);
				GCC_WARN_64_TO_32_BIT_CONVERSION = YES;
				GCC_WARN_ABOUT_RETURN_TYPE = YES_ERROR;
				GCC_WARN_UNDECLARED_SELECTOR = YES;
				GCC_WARN_UNINITIALIZED_AUTOS = YES_AGGRESSIVE;
				GCC_WARN_UNUSED_FUNCTION = YES;
				GCC_WARN_UNUSED_VARIABLE = YES;
				IPHONEOS_DEPLOYMENT_TARGET = 14.2;
				MTL_ENABLE_DEBUG_INFO = INCLUDE_SOURCE;
				MTL_FAST_MATH = YES;
				ONLY_ACTIVE_ARCH = YES;
				SDKROOT = iphoneos;
				SWIFT_ACTIVE_COMPILATION_CONDITIONS = DEBUG;
				SWIFT_OPTIMIZATION_LEVEL = "-Onone";
			};
			name = Debug;
		};
		8A3C52DB256C2A6900B0CAAA /* Release */ = {
			isa = XCBuildConfiguration;
			buildSettings = {
				ALWAYS_SEARCH_USER_PATHS = NO;
				CLANG_ANALYZER_NONNULL = YES;
				CLANG_ANALYZER_NUMBER_OBJECT_CONVERSION = YES_AGGRESSIVE;
				CLANG_CXX_LANGUAGE_STANDARD = "gnu++14";
				CLANG_CXX_LIBRARY = "libc++";
				CLANG_ENABLE_MODULES = YES;
				CLANG_ENABLE_OBJC_ARC = YES;
				CLANG_ENABLE_OBJC_WEAK = YES;
				CLANG_WARN_BLOCK_CAPTURE_AUTORELEASING = YES;
				CLANG_WARN_BOOL_CONVERSION = YES;
				CLANG_WARN_COMMA = YES;
				CLANG_WARN_CONSTANT_CONVERSION = YES;
				CLANG_WARN_DEPRECATED_OBJC_IMPLEMENTATIONS = YES;
				CLANG_WARN_DIRECT_OBJC_ISA_USAGE = YES_ERROR;
				CLANG_WARN_DOCUMENTATION_COMMENTS = YES;
				CLANG_WARN_EMPTY_BODY = YES;
				CLANG_WARN_ENUM_CONVERSION = YES;
				CLANG_WARN_INFINITE_RECURSION = YES;
				CLANG_WARN_INT_CONVERSION = YES;
				CLANG_WARN_NON_LITERAL_NULL_CONVERSION = YES;
				CLANG_WARN_OBJC_IMPLICIT_RETAIN_SELF = YES;
				CLANG_WARN_OBJC_LITERAL_CONVERSION = YES;
				CLANG_WARN_OBJC_ROOT_CLASS = YES_ERROR;
				CLANG_WARN_QUOTED_INCLUDE_IN_FRAMEWORK_HEADER = YES;
				CLANG_WARN_RANGE_LOOP_ANALYSIS = YES;
				CLANG_WARN_STRICT_PROTOTYPES = YES;
				CLANG_WARN_SUSPICIOUS_MOVE = YES;
				CLANG_WARN_UNGUARDED_AVAILABILITY = YES_AGGRESSIVE;
				CLANG_WARN_UNREACHABLE_CODE = YES;
				CLANG_WARN__DUPLICATE_METHOD_MATCH = YES;
				COPY_PHASE_STRIP = NO;
				DEBUG_INFORMATION_FORMAT = "dwarf-with-dsym";
				ENABLE_NS_ASSERTIONS = NO;
				ENABLE_STRICT_OBJC_MSGSEND = YES;
				GCC_C_LANGUAGE_STANDARD = gnu11;
				GCC_NO_COMMON_BLOCKS = YES;
				GCC_WARN_64_TO_32_BIT_CONVERSION = YES;
				GCC_WARN_ABOUT_RETURN_TYPE = YES_ERROR;
				GCC_WARN_UNDECLARED_SELECTOR = YES;
				GCC_WARN_UNINITIALIZED_AUTOS = YES_AGGRESSIVE;
				GCC_WARN_UNUSED_FUNCTION = YES;
				GCC_WARN_UNUSED_VARIABLE = YES;
				IPHONEOS_DEPLOYMENT_TARGET = 14.2;
				MTL_ENABLE_DEBUG_INFO = NO;
				MTL_FAST_MATH = YES;
				SDKROOT = iphoneos;
				SWIFT_COMPILATION_MODE = wholemodule;
				SWIFT_OPTIMIZATION_LEVEL = "-O";
				VALIDATE_PRODUCT = YES;
			};
			name = Release;
		};
		8A3C52DD256C2A6900B0CAAA /* Debug */ = {
			isa = XCBuildConfiguration;
			buildSettings = {
				ASSETCATALOG_COMPILER_APPICON_NAME = AppIcon;
				ASSETCATALOG_COMPILER_GLOBAL_ACCENT_COLOR_NAME = AccentColor;
				CODE_SIGN_STYLE = Automatic;
				DEVELOPMENT_TEAM = V4K88747GJ;
				INFOPLIST_FILE = NavigationMenu/Info.plist;
				LD_RUNPATH_SEARCH_PATHS = (
					"$(inherited)",
					"@executable_path/Frameworks",
				);
				PRODUCT_BUNDLE_IDENTIFIER = co.onemandev.NavigationMenu;
				PRODUCT_NAME = "$(TARGET_NAME)";
				SWIFT_VERSION = 5.0;
				TARGETED_DEVICE_FAMILY = "1,2";
			};
			name = Debug;
		};
		8A3C52DE256C2A6900B0CAAA /* Release */ = {
			isa = XCBuildConfiguration;
			buildSettings = {
				ASSETCATALOG_COMPILER_APPICON_NAME = AppIcon;
				ASSETCATALOG_COMPILER_GLOBAL_ACCENT_COLOR_NAME = AccentColor;
				CODE_SIGN_STYLE = Automatic;
				DEVELOPMENT_TEAM = V4K88747GJ;
				INFOPLIST_FILE = NavigationMenu/Info.plist;
				LD_RUNPATH_SEARCH_PATHS = (
					"$(inherited)",
					"@executable_path/Frameworks",
				);
				PRODUCT_BUNDLE_IDENTIFIER = co.onemandev.NavigationMenu;
				PRODUCT_NAME = "$(TARGET_NAME)";
				SWIFT_VERSION = 5.0;
				TARGETED_DEVICE_FAMILY = "1,2";
			};
			name = Release;
		};
/* End XCBuildConfiguration section */

/* Begin XCConfigurationList section */
		8A3C52C3256C2A6500B0CAAA /* Build configuration list for PBXProject "NavigationMenu" */ = {
			isa = XCConfigurationList;
			buildConfigurations = (
				8A3C52DA256C2A6900B0CAAA /* Debug */,
				8A3C52DB256C2A6900B0CAAA /* Release */,
			);
			defaultConfigurationIsVisible = 0;
			defaultConfigurationName = Release;
		};
		8A3C52DC256C2A6900B0CAAA /* Build configuration list for PBXNativeTarget "NavigationMenu" */ = {
			isa = XCConfigurationList;
			buildConfigurations = (
				8A3C52DD256C2A6900B0CAAA /* Debug */,
				8A3C52DE256C2A6900B0CAAA /* Release */,
			);
			defaultConfigurationIsVisible = 0;
			defaultConfigurationName = Release;
		};
/* End XCConfigurationList section */
	};
	rootObject = 8A3C52C0256C2A6500B0CAAA /* Project object */;
}
